dependencies:
- name: mariadb
  repository: https://kubernetes-charts.storage.googleapis.com/
  version: 7.3.7
- name: memcached
  repository: https://kubernetes-charts.storage.googleapis.com/
  version: 3.0.2
- name: mailhog
  repository: https://codecentric.github.io/helm-charts
  version: 3.0.1
- name: elasticsearch
  repository: https://helm.elastic.co
  version: 7.4.1
digest: sha256:b2d99beaa15e766318618c9cff525bcf7e63956795d73b860b666e869fc68db2
generated: "2020-02-05T15:04:20.126058+01:00"
