dependencies:
- name: mariadb
  repository: https://kubernetes-charts.storage.googleapis.com/
  version: 4.4.2
- name: memcached
  repository: https://kubernetes-charts.storage.googleapis.com/
  version: 3.2.2
- name: mailhog
  repository: https://codecentric.github.io/helm-charts
  version: 3.0.1
- name: elasticsearch
  repository: https://helm.elastic.co
  version: 7.4.1
digest: sha256:b573eed4e555e196f7ccef471f11232858b00fbc3bf3fd4529d5db168eb54fe1
generated: "2020-01-16T14:56:43.583233+01:00"
