dependencies:
- name: mariadb
  repository: https://kubernetes-charts.storage.googleapis.com/
  version: 7.3.7
- name: memcached
  repository: https://kubernetes-charts.storage.googleapis.com/
  version: 3.0.2
- name: mailhog
  repository: https://codecentric.github.io/helm-charts
  version: 3.1.2
- name: elasticsearch
  repository: https://helm.elastic.co
  version: 7.5.2
digest: sha256:725e6485427b1146366d5ad7f56a3d8d015e572eccbfbed8c9c79923d764612c
generated: "2020-02-05T15:19:20.071944+01:00"
