dependencies:
- name: mariadb
  repository: https://kubernetes-charts.storage.googleapis.com/
  version: 4.4.2
- name: elasticsearch
  repository: https://kubernetes-charts.storage.googleapis.com/
  version: 1.13.0
digest: sha256:a3f54fb62342a31cc5289d7228dc2efbd69dbb8d05762cc1de0839f777a9fca9
generated: 2018-10-26T12:47:34.160081375Z
