dependencies:
- name: mariadb
  repository: https://storage.googleapis.com/charts.wdr.io
  version: 7.5.2
- name: pxc-db
  repository: https://percona.github.io/percona-helm-charts/
  version: 1.9.1
- name: memcached
  repository: https://storage.googleapis.com/charts.wdr.io
  version: 4.2.27
- name: redis
  repository: https://charts.bitnami.com/bitnami
  version: 16.8.10
- name: mailhog
  repository: https://codecentric.github.io/helm-charts
  version: 5.1.0
- name: elasticsearch
  repository: https://helm.elastic.co
  version: 8.5.1
- name: silta-release
  repository: file://../silta-release
  version: 0.1.1
digest: sha256:6eab7ba273493b8c816c3f72349e3e932dc130210e8cb02539beb911d42b2316
generated: "2022-12-16T14:31:25.186254916+02:00"
