dependencies:
- name: mariadb
  repository: https://storage.googleapis.com/charts.wdr.io
  version: 7.5.2
- name: pxc-db
  repository: https://percona.github.io/percona-helm-charts/
  version: 1.12.3
- name: memcached
  repository: https://storage.googleapis.com/charts.wdr.io
  version: 4.2.27
- name: redis
  repository: https://charts.bitnami.com/bitnami
  version: 16.13.2
- name: mailhog
  repository: https://codecentric.github.io/helm-charts
  version: 5.1.0
- name: elasticsearch
  repository: file://../elasticsearch
  version: 8.5.1
digest: sha256:98a5d66f1b2477584cb0e9eabeb6692b0436de5f6bbb8cb909dc718644ab56fa
generated: "2024-06-04T14:02:48.193110687+03:00"
