dependencies:
- name: mariadb
  repository: https://storage.googleapis.com/charts.wdr.io
  version: 7.5.2
- name: pxc-db
  repository: https://percona.github.io/percona-helm-charts/
  version: 1.12.3
- name: memcached
  repository: https://storage.googleapis.com/charts.wdr.io
  version: 4.2.27
- name: redis
  repository: https://charts.bitnami.com/bitnami
  version: 16.13.2
- name: mailhog
  repository: https://codecentric.github.io/helm-charts
  version: 5.1.0
- name: elasticsearch
  repository: oci://registry-1.docker.io/bitnamicharts
  version: 20.0.4
- name: silta-release
  repository: file://../silta-release
  version: 1.0.0
digest: sha256:49ffafe812ddac38dcf419044ea222b19395f6d330ba6e7eed1007fb5c11d0e1
generated: "2024-04-18T16:14:16.6433729+03:00"
